
Microsoft Visual Studio Solution File, Format Version 12.00
# Visual Studio Version 16
VisualStudioVersion = 16.0.33214.272
MinimumVisualStudioVersion = 10.0.40219.1
Project("{FAE04EC0-301F-11D3-BF4B-00C04F79EFBC}") = "Demo_de_proyecto_simple", "Demo_de_proyecto_simple\Demo_de_proyecto_simple.csproj", "{CECF5A11-ACC9-4173-851D-7E67168B6BA3}"
EndProject
Project("{FAE04EC0-301F-11D3-BF4B-00C04F79EFBC}") = "BBL", "BBL\BBL.csproj", "{1A2ECD10-9890-4A69-90E9-DF99F45B7BD0}"
EndProject
Project("{FAE04EC0-301F-11D3-BF4B-00C04F79EFBC}") = "DAL", "DAL\DAL.csproj", "{2BF76424-65E3-47AE-8F93-402CCBEF9921}"
EndProject
Global
	GlobalSection(SolutionConfigurationPlatforms) = preSolution
		Debug|Any CPU = Debug|Any CPU
		Release|Any CPU = Release|Any CPU
	EndGlobalSection
	GlobalSection(ProjectConfigurationPlatforms) = postSolution
		{CECF5A11-ACC9-4173-851D-7E67168B6BA3}.Debug|Any CPU.ActiveCfg = Debug|Any CPU
		{CECF5A11-ACC9-4173-851D-7E67168B6BA3}.Debug|Any CPU.Build.0 = Debug|Any CPU
		{CECF5A11-ACC9-4173-851D-7E67168B6BA3}.Release|Any CPU.ActiveCfg = Release|Any CPU
		{CECF5A11-ACC9-4173-851D-7E67168B6BA3}.Release|Any CPU.Build.0 = Release|Any CPU
		{1A2ECD10-9890-4A69-90E9-DF99F45B7BD0}.Debug|Any CPU.ActiveCfg = Debug|Any CPU
		{1A2ECD10-9890-4A69-90E9-DF99F45B7BD0}.Debug|Any CPU.Build.0 = Debug|Any CPU
		{1A2ECD10-9890-4A69-90E9-DF99F45B7BD0}.Release|Any CPU.ActiveCfg = Release|Any CPU
		{1A2ECD10-9890-4A69-90E9-DF99F45B7BD0}.Release|Any CPU.Build.0 = Release|Any CPU
		{2BF76424-65E3-47AE-8F93-402CCBEF9921}.Debug|Any CPU.ActiveCfg = Debug|Any CPU
		{2BF76424-65E3-47AE-8F93-402CCBEF9921}.Debug|Any CPU.Build.0 = Debug|Any CPU
		{2BF76424-65E3-47AE-8F93-402CCBEF9921}.Release|Any CPU.ActiveCfg = Release|Any CPU
		{2BF76424-65E3-47AE-8F93-402CCBEF9921}.Release|Any CPU.Build.0 = Release|Any CPU
	EndGlobalSection
	GlobalSection(SolutionProperties) = preSolution
		HideSolutionNode = FALSE
	EndGlobalSection
	GlobalSection(ExtensibilityGlobals) = postSolution
		SolutionGuid = {D3CCF7D0-90E2-43E2-845C-D41D00FAAB5B}
	EndGlobalSection
EndGlobal
